// !$*UTF8*$!
{
	archiveVersion = 1;
	classes = {
	};
	objectVersion = 46;
	objects = {

/* Begin PBXBuildFile section */
		4340BF641CFD4D0500D42954 /* main.m in Sources */ = {isa = PBXBuildFile; fileRef = 4340BF631CFD4D0500D42954 /* main.m */; };
		4340BF671CFD4D0500D42954 /* AppDelegate.m in Sources */ = {isa = PBXBuildFile; fileRef = 4340BF661CFD4D0500D42954 /* AppDelegate.m */; };
		4340BF701CFD4D0500D42954 /* Main.storyboard in Resources */ = {isa = PBXBuildFile; fileRef = 4340BF6E1CFD4D0500D42954 /* Main.storyboard */; };
		4340BF721CFD4D0500D42954 /* Assets.xcassets in Resources */ = {isa = PBXBuildFile; fileRef = 4340BF711CFD4D0500D42954 /* Assets.xcassets */; };
		4340BF751CFD4D0500D42954 /* LaunchScreen.storyboard in Resources */ = {isa = PBXBuildFile; fileRef = 4340BF731CFD4D0500D42954 /* LaunchScreen.storyboard */; };
		4340BF7E1CFD4E1800D42954 /* WebViewController.m in Sources */ = {isa = PBXBuildFile; fileRef = 4340BF7D1CFD4E1800D42954 /* WebViewController.m */; };
		436F0E341CFD5A4C0075A451 /* index.html in Resources */ = {isa = PBXBuildFile; fileRef = 436F0E331CFD5A4C0075A451 /* index.html */; };
		7754662D79617F97FEFF3AB3 /* libPods-Test_JavaScriptBridge.a in Frameworks */ = {isa = PBXBuildFile; fileRef = 9CF1F72C89DB4C30A1B29236 /* libPods-Test_JavaScriptBridge.a */; };
/* End PBXBuildFile section */

/* Begin PBXFileReference section */
		4340BF5F1CFD4D0500D42954 /* Test_JavaScriptBridge.app */ = {isa = PBXFileReference; explicitFileType = wrapper.application; includeInIndex = 0; path = Test_JavaScriptBridge.app; sourceTree = BUILT_PRODUCTS_DIR; };
		4340BF631CFD4D0500D42954 /* main.m */ = {isa = PBXFileReference; lastKnownFileType = sourcecode.c.objc; path = main.m; sourceTree = "<group>"; };
		4340BF651CFD4D0500D42954 /* AppDelegate.h */ = {isa = PBXFileReference; lastKnownFileType = sourcecode.c.h; path = AppDelegate.h; sourceTree = "<group>"; };
		4340BF661CFD4D0500D42954 /* AppDelegate.m */ = {isa = PBXFileReference; lastKnownFileType = sourcecode.c.objc; path = AppDelegate.m; sourceTree = "<group>"; };
		4340BF6F1CFD4D0500D42954 /* Base */ = {isa = PBXFileReference; lastKnownFileType = file.storyboard; name = Base; path = Base.lproj/Main.storyboard; sourceTree = "<group>"; };
		4340BF711CFD4D0500D42954 /* Assets.xcassets */ = {isa = PBXFileReference; lastKnownFileType = folder.assetcatalog; path = Assets.xcassets; sourceTree = "<group>"; };
		4340BF741CFD4D0500D42954 /* Base */ = {isa = PBXFileReference; lastKnownFileType = file.storyboard; name = Base; path = Base.lproj/LaunchScreen.storyboard; sourceTree = "<group>"; };
		4340BF761CFD4D0500D42954 /* Info.plist */ = {isa = PBXFileReference; lastKnownFileType = text.plist.xml; path = Info.plist; sourceTree = "<group>"; };
		4340BF7C1CFD4E1800D42954 /* WebViewController.h */ = {isa = PBXFileReference; fileEncoding = 4; lastKnownFileType = sourcecode.c.h; path = WebViewController.h; sourceTree = "<group>"; };
		4340BF7D1CFD4E1800D42954 /* WebViewController.m */ = {isa = PBXFileReference; fileEncoding = 4; lastKnownFileType = sourcecode.c.objc; path = WebViewController.m; sourceTree = "<group>"; };
		436F0E331CFD5A4C0075A451 /* index.html */ = {isa = PBXFileReference; fileEncoding = 4; lastKnownFileType = text.html; name = index.html; path = ../../../../../Applications/XAMPP/xamppfiles/htdocs/index.html; sourceTree = "<group>"; };
		45FAC7212E1972DB7873D6A5 /* Pods-Test_JavaScriptBridge.release.xcconfig */ = {isa = PBXFileReference; includeInIndex = 1; lastKnownFileType = text.xcconfig; name = "Pods-Test_JavaScriptBridge.release.xcconfig"; path = "Pods/Target Support Files/Pods-Test_JavaScriptBridge/Pods-Test_JavaScriptBridge.release.xcconfig"; sourceTree = "<group>"; };
		9CF1F72C89DB4C30A1B29236 /* libPods-Test_JavaScriptBridge.a */ = {isa = PBXFileReference; explicitFileType = archive.ar; includeInIndex = 0; path = "libPods-Test_JavaScriptBridge.a"; sourceTree = BUILT_PRODUCTS_DIR; };
		EF9BB3DBB0CD000DD053A5F7 /* Pods-Test_JavaScriptBridge.debug.xcconfig */ = {isa = PBXFileReference; includeInIndex = 1; lastKnownFileType = text.xcconfig; name = "Pods-Test_JavaScriptBridge.debug.xcconfig"; path = "Pods/Target Support Files/Pods-Test_JavaScriptBridge/Pods-Test_JavaScriptBridge.debug.xcconfig"; sourceTree = "<group>"; };
/* End PBXFileReference section */

/* Begin PBXFrameworksBuildPhase section */
		4340BF5C1CFD4D0500D42954 /* Frameworks */ = {
			isa = PBXFrameworksBuildPhase;
			buildActionMask = 2147483647;
			files = (
				7754662D79617F97FEFF3AB3 /* libPods-Test_JavaScriptBridge.a in Frameworks */,
			);
			runOnlyForDeploymentPostprocessing = 0;
		};
/* End PBXFrameworksBuildPhase section */

/* Begin PBXGroup section */
		4340BF561CFD4D0400D42954 = {
			isa = PBXGroup;
			children = (
				4340BF611CFD4D0500D42954 /* Test_JavaScriptBridge */,
				4340BF601CFD4D0500D42954 /* Products */,
				960BBEEF3F7434F497CC8E02 /* Pods */,
				AFD9F58866DF474D489CEDCB /* Frameworks */,
			);
			sourceTree = "<group>";
		};
		4340BF601CFD4D0500D42954 /* Products */ = {
			isa = PBXGroup;
			children = (
				4340BF5F1CFD4D0500D42954 /* Test_JavaScriptBridge.app */,
			);
			name = Products;
			sourceTree = "<group>";
		};
		4340BF611CFD4D0500D42954 /* Test_JavaScriptBridge */ = {
			isa = PBXGroup;
			children = (
				4340BF651CFD4D0500D42954 /* AppDelegate.h */,
				4340BF661CFD4D0500D42954 /* AppDelegate.m */,
				4340BF6E1CFD4D0500D42954 /* Main.storyboard */,
				4340BF7C1CFD4E1800D42954 /* WebViewController.h */,
				4340BF7D1CFD4E1800D42954 /* WebViewController.m */,
				436F0E331CFD5A4C0075A451 /* index.html */,
				4340BF711CFD4D0500D42954 /* Assets.xcassets */,
				4340BF731CFD4D0500D42954 /* LaunchScreen.storyboard */,
				4340BF761CFD4D0500D42954 /* Info.plist */,
				4340BF621CFD4D0500D42954 /* Supporting Files */,
			);
			path = Test_JavaScriptBridge;
			sourceTree = "<group>";
		};
		4340BF621CFD4D0500D42954 /* Supporting Files */ = {
			isa = PBXGroup;
			children = (
				4340BF631CFD4D0500D42954 /* main.m */,
			);
			name = "Supporting Files";
			sourceTree = "<group>";
		};
		960BBEEF3F7434F497CC8E02 /* Pods */ = {
			isa = PBXGroup;
			children = (
				EF9BB3DBB0CD000DD053A5F7 /* Pods-Test_JavaScriptBridge.debug.xcconfig */,
				45FAC7212E1972DB7873D6A5 /* Pods-Test_JavaScriptBridge.release.xcconfig */,
			);
			name = Pods;
			sourceTree = "<group>";
		};
		AFD9F58866DF474D489CEDCB /* Frameworks */ = {
			isa = PBXGroup;
			children = (
				9CF1F72C89DB4C30A1B29236 /* libPods-Test_JavaScriptBridge.a */,
			);
			name = Frameworks;
			sourceTree = "<group>";
		};
/* End PBXGroup section */

/* Begin PBXNativeTarget section */
		4340BF5E1CFD4D0500D42954 /* Test_JavaScriptBridge */ = {
			isa = PBXNativeTarget;
			buildConfigurationList = 4340BF791CFD4D0500D42954 /* Build configuration list for PBXNativeTarget "Test_JavaScriptBridge" */;
			buildPhases = (
				3B3DEA2494FF9B899C6DA7E8 /* 📦 Check Pods Manifest.lock */,
				4340BF5B1CFD4D0500D42954 /* Sources */,
				4340BF5C1CFD4D0500D42954 /* Frameworks */,
				4340BF5D1CFD4D0500D42954 /* Resources */,
				08E0DB97F769D58844DAFBB2 /* 📦 Embed Pods Frameworks */,
				B54BB2DD8E75510BA24AF280 /* 📦 Copy Pods Resources */,
			);
			buildRules = (
			);
			dependencies = (
			);
			name = Test_JavaScriptBridge;
			productName = Test_JavaScriptBridge;
			productReference = 4340BF5F1CFD4D0500D42954 /* Test_JavaScriptBridge.app */;
			productType = "com.apple.product-type.application";
		};
/* End PBXNativeTarget section */

/* Begin PBXProject section */
		4340BF571CFD4D0500D42954 /* Project object */ = {
			isa = PBXProject;
			attributes = {
				LastUpgradeCheck = 0730;
				ORGANIZATIONNAME = liudukun;
				TargetAttributes = {
					4340BF5E1CFD4D0500D42954 = {
						CreatedOnToolsVersion = 7.3.1;
					};
				};
			};
			buildConfigurationList = 4340BF5A1CFD4D0500D42954 /* Build configuration list for PBXProject "Test_JavaScriptBridge" */;
			compatibilityVersion = "Xcode 3.2";
			developmentRegion = English;
			hasScannedForEncodings = 0;
			knownRegions = (
				en,
				Base,
			);
			mainGroup = 4340BF561CFD4D0400D42954;
			productRefGroup = 4340BF601CFD4D0500D42954 /* Products */;
			projectDirPath = "";
			projectRoot = "";
			targets = (
				4340BF5E1CFD4D0500D42954 /* Test_JavaScriptBridge */,
			);
		};
/* End PBXProject section */

/* Begin PBXResourcesBuildPhase section */
		4340BF5D1CFD4D0500D42954 /* Resources */ = {
			isa = PBXResourcesBuildPhase;
			buildActionMask = 2147483647;
			files = (
				4340BF751CFD4D0500D42954 /* LaunchScreen.storyboard in Resources */,
				436F0E341CFD5A4C0075A451 /* index.html in Resources */,
				4340BF721CFD4D0500D42954 /* Assets.xcassets in Resources */,
				4340BF701CFD4D0500D42954 /* Main.storyboard in Resources */,
			);
			runOnlyForDeploymentPostprocessing = 0;
		};
/* End PBXResourcesBuildPhase section */

/* Begin PBXShellScriptBuildPhase section */
		08E0DB97F769D58844DAFBB2 /* 📦 Embed Pods Frameworks */ = {
			isa = PBXShellScriptBuildPhase;
			buildActionMask = 2147483647;
			files = (
			);
			inputPaths = (
			);
			name = "📦 Embed Pods Frameworks";
			outputPaths = (
			);
			runOnlyForDeploymentPostprocessing = 0;
			shellPath = /bin/sh;
			shellScript = "\"${SRCROOT}/Pods/Target Support Files/Pods-Test_JavaScriptBridge/Pods-Test_JavaScriptBridge-frameworks.sh\"\n";
			showEnvVarsInLog = 0;
		};
		3B3DEA2494FF9B899C6DA7E8 /* 📦 Check Pods Manifest.lock */ = {
			isa = PBXShellScriptBuildPhase;
			buildActionMask = 2147483647;
			files = (
			);
			inputPaths = (
			);
			name = "📦 Check Pods Manifest.lock";
			outputPaths = (
			);
			runOnlyForDeploymentPostprocessing = 0;
			shellPath = /bin/sh;
			shellScript = "diff \"${PODS_ROOT}/../Podfile.lock\" \"${PODS_ROOT}/Manifest.lock\" > /dev/null\nif [[ $? != 0 ]] ; then\n    cat << EOM\nerror: The sandbox is not in sync with the Podfile.lock. Run 'pod install' or update your CocoaPods installation.\nEOM\n    exit 1\nfi\n";
			showEnvVarsInLog = 0;
		};
		B54BB2DD8E75510BA24AF280 /* 📦 Copy Pods Resources */ = {
			isa = PBXShellScriptBuildPhase;
			buildActionMask = 2147483647;
			files = (
			);
			inputPaths = (
			);
			name = "📦 Copy Pods Resources";
			outputPaths = (
			);
			runOnlyForDeploymentPostprocessing = 0;
			shellPath = /bin/sh;
			shellScript = "\"${SRCROOT}/Pods/Target Support Files/Pods-Test_JavaScriptBridge/Pods-Test_JavaScriptBridge-resources.sh\"\n";
			showEnvVarsInLog = 0;
		};
/* End PBXShellScriptBuildPhase section */

/* Begin PBXSourcesBuildPhase section */
		4340BF5B1CFD4D0500D42954 /* Sources */ = {
			isa = PBXSourcesBuildPhase;
			buildActionMask = 2147483647;
			files = (
				4340BF671CFD4D0500D42954 /* AppDelegate.m in Sources */,
				4340BF7E1CFD4E1800D42954 /* WebViewController.m in Sources */,
				4340BF641CFD4D0500D42954 /* main.m in Sources */,
			);
			runOnlyForDeploymentPostprocessing = 0;
		};
/* End PBXSourcesBuildPhase section */

/* Begin PBXVariantGroup section */
		4340BF6E1CFD4D0500D42954 /* Main.storyboard */ = {
			isa = PBXVariantGroup;
			children = (
				4340BF6F1CFD4D0500D42954 /* Base */,
			);
			name = Main.storyboard;
			sourceTree = "<group>";
		};
		4340BF731CFD4D0500D42954 /* LaunchScreen.storyboard */ = {
			isa = PBXVariantGroup;
			children = (
				4340BF741CFD4D0500D42954 /* Base */,
			);
			name = LaunchScreen.storyboard;
			sourceTree = "<group>";
		};
/* End PBXVariantGroup section */

/* Begin XCBuildConfiguration section */
		4340BF771CFD4D0500D42954 /* Debug */ = {
			isa = XCBuildConfiguration;
			buildSettings = {
				ALWAYS_SEARCH_USER_PATHS = NO;
				CLANG_ANALYZER_NONNULL = YES;
				CLANG_CXX_LANGUAGE_STANDARD = "gnu++0x";
				CLANG_CXX_LIBRARY = "libc++";
				CLANG_ENABLE_MODULES = YES;
				CLANG_ENABLE_OBJC_ARC = YES;
				CLANG_WARN_BOOL_CONVERSION = YES;
				CLANG_WARN_CONSTANT_CONVERSION = YES;
				CLANG_WARN_DIRECT_OBJC_ISA_USAGE = YES_ERROR;
				CLANG_WARN_EMPTY_BODY = YES;
				CLANG_WARN_ENUM_CONVERSION = YES;
				CLANG_WARN_INT_CONVERSION = YES;
				CLANG_WARN_OBJC_ROOT_CLASS = YES_ERROR;
				CLANG_WARN_UNREACHABLE_CODE = YES;
				CLANG_WARN__DUPLICATE_METHOD_MATCH = YES;
				"CODE_SIGN_IDENTITY[sdk=iphoneos*]" = "iPhone Developer";
				COPY_PHASE_STRIP = NO;
				DEBUG_INFORMATION_FORMAT = dwarf;
				ENABLE_STRICT_OBJC_MSGSEND = YES;
				ENABLE_TESTABILITY = YES;
				GCC_C_LANGUAGE_STANDARD = gnu99;
				GCC_DYNAMIC_NO_PIC = NO;
				GCC_NO_COMMON_BLOCKS = YES;
				GCC_OPTIMIZATION_LEVEL = 0;
				GCC_PREPROCESSOR_DEFINITIONS = (
					"DEBUG=1",
					"$(inherited)",
				);
				GCC_WARN_64_TO_32_BIT_CONVERSION = YES;
				GCC_WARN_ABOUT_RETURN_TYPE = YES_ERROR;
				GCC_WARN_UNDECLARED_SELECTOR = YES;
				GCC_WARN_UNINITIALIZED_AUTOS = YES_AGGRESSIVE;
				GCC_WARN_UNUSED_FUNCTION = YES;
				GCC_WARN_UNUSED_VARIABLE = YES;
				IPHONEOS_DEPLOYMENT_TARGET = 9.3;
				MTL_ENABLE_DEBUG_INFO = YES;
				ONLY_ACTIVE_ARCH = YES;
				SDKROOT = iphoneos;
				TARGETED_DEVICE_FAMILY = "1,2";
			};
			name = Debug;
		};
		4340BF781CFD4D0500D42954 /* Release */ = {
			isa = XCBuildConfiguration;
			buildSettings = {
				ALWAYS_SEARCH_USER_PATHS = NO;
				CLANG_ANALYZER_NONNULL = YES;
				CLANG_CXX_LANGUAGE_STANDARD = "gnu++0x";
				CLANG_CXX_LIBRARY = "libc++";
				CLANG_ENABLE_MODULES = YES;
				CLANG_ENABLE_OBJC_ARC = YES;
				CLANG_WARN_BOOL_CONVERSION = YES;
				CLANG_WARN_CONSTANT_CONVERSION = YES;
				CLANG_WARN_DIRECT_OBJC_ISA_USAGE = YES_ERROR;
				CLANG_WARN_EMPTY_BODY = YES;
				CLANG_WARN_ENUM_CONVERSION = YES;
				CLANG_WARN_INT_CONVERSION = YES;
				CLANG_WARN_OBJC_ROOT_CLASS = YES_ERROR;
				CLANG_WARN_UNREACHABLE_CODE = YES;
				CLANG_WARN__DUPLICATE_METHOD_MATCH = YES;
				"CODE_SIGN_IDENTITY[sdk=iphoneos*]" = "iPhone Developer";
				COPY_PHASE_STRIP = NO;
				DEBUG_INFORMATION_FORMAT = "dwarf-with-dsym";
				ENABLE_NS_ASSERTIONS = NO;
				ENABLE_STRICT_OBJC_MSGSEND = YES;
				GCC_C_LANGUAGE_STANDARD = gnu99;
				GCC_NO_COMMON_BLOCKS = YES;
				GCC_WARN_64_TO_32_BIT_CONVERSION = YES;
				GCC_WARN_ABOUT_RETURN_TYPE = YES_ERROR;
				GCC_WARN_UNDECLARED_SELECTOR = YES;
				GCC_WARN_UNINITIALIZED_AUTOS = YES_AGGRESSIVE;
				GCC_WARN_UNUSED_FUNCTION = YES;
				GCC_WARN_UNUSED_VARIABLE = YES;
				IPHONEOS_DEPLOYMENT_TARGET = 9.3;
				MTL_ENABLE_DEBUG_INFO = NO;
				SDKROOT = iphoneos;
				TARGETED_DEVICE_FAMILY = "1,2";
				VALIDATE_PRODUCT = YES;
			};
			name = Release;
		};
		4340BF7A1CFD4D0500D42954 /* Debug */ = {
			isa = XCBuildConfiguration;
			baseConfigurationReference = EF9BB3DBB0CD000DD053A5F7 /* Pods-Test_JavaScriptBridge.debug.xcconfig */;
			buildSettings = {
				ASSETCATALOG_COMPILER_APPICON_NAME = AppIcon;
				INFOPLIST_FILE = Test_JavaScriptBridge/Info.plist;
				LD_RUNPATH_SEARCH_PATHS = "$(inherited) @executable_path/Frameworks";
				PRODUCT_BUNDLE_IDENTIFIER = "com.zjht.Test-JavaScriptBridge";
				PRODUCT_NAME = "$(TARGET_NAME)";
			};
			name = Debug;
		};
		4340BF7B1CFD4D0500D42954 /* Release */ = {
			isa = XCBuildConfiguration;
			baseConfigurationReference = 45FAC7212E1972DB7873D6A5 /* Pods-Test_JavaScriptBridge.release.xcconfig */;
			buildSettings = {
				ASSETCATALOG_COMPILER_APPICON_NAME = AppIcon;
				INFOPLIST_FILE = Test_JavaScriptBridge/Info.plist;
				LD_RUNPATH_SEARCH_PATHS = "$(inherited) @executable_path/Frameworks";
				PRODUCT_BUNDLE_IDENTIFIER = "com.zjht.Test-JavaScriptBridge";
				PRODUCT_NAME = "$(TARGET_NAME)";
			};
			name = Release;
		};
/* End XCBuildConfiguration section */

/* Begin XCConfigurationList section */
		4340BF5A1CFD4D0500D42954 /* Build configuration list for PBXProject "Test_JavaScriptBridge" */ = {
			isa = XCConfigurationList;
			buildConfigurations = (
				4340BF771CFD4D0500D42954 /* Debug */,
				4340BF781CFD4D0500D42954 /* Release */,
			);
			defaultConfigurationIsVisible = 0;
			defaultConfigurationName = Release;
		};
		4340BF791CFD4D0500D42954 /* Build configuration list for PBXNativeTarget "Test_JavaScriptBridge" */ = {
			isa = XCConfigurationList;
			buildConfigurations = (
				4340BF7A1CFD4D0500D42954 /* Debug */,
				4340BF7B1CFD4D0500D42954 /* Release */,
			);
			defaultConfigurationIsVisible = 0;
			defaultConfigurationName = Release;
		};
/* End XCConfigurationList section */
	};
	rootObject = 4340BF571CFD4D0500D42954 /* Project object */;
}
